
Microsoft Visual Studio Solution File, Format Version 12.00
# Visual Studio Version 17
VisualStudioVersion = 17.1.32228.430
MinimumVisualStudioVersion = 10.0.40219.1
Project("{FAE04EC0-301F-11D3-BF4B-00C04F79EFBC}") = "SkullPizza", "SkullPizza\SkullPizza.csproj", "{50CAC517-661A-4FDB-B7B6-A4217DF15359}"
EndProject
Global
	GlobalSection(SolutionConfigurationPlatforms) = preSolution
		Debug|Any CPU = Debug|Any CPU
		Release|Any CPU = Release|Any CPU
	EndGlobalSection
	GlobalSection(ProjectConfigurationPlatforms) = postSolution
		{50CAC517-661A-4FDB-B7B6-A4217DF15359}.Debug|Any CPU.ActiveCfg = Debug|Any CPU
		{50CAC517-661A-4FDB-B7B6-A4217DF15359}.Debug|Any CPU.Build.0 = Debug|Any CPU
		{50CAC517-661A-4FDB-B7B6-A4217DF15359}.Release|Any CPU.ActiveCfg = Release|Any CPU
		{50CAC517-661A-4FDB-B7B6-A4217DF15359}.Release|Any CPU.Build.0 = Release|Any CPU
	EndGlobalSection
	GlobalSection(SolutionProperties) = preSolution
		HideSolutionNode = FALSE
	EndGlobalSection
	GlobalSection(ExtensibilityGlobals) = postSolution
		SolutionGuid = {E5F52276-7175-4D7C-A570-301E8C386BFB}
	EndGlobalSection
EndGlobal
